
Microsoft Visual Studio Solution File, Format Version 12.00
# Visual Studio Version 17
VisualStudioVersion = 17.9.34723.18
MinimumVisualStudioVersion = 10.0.40219.1
Project("{FAE04EC0-301F-11D3-BF4B-00C04F79EFBC}") = "OregonTrail", "OregonTrail.csproj", "{203675BC-F1C8-4E95-BC36-CBD4E5ADFFD9}"
EndProject
Global
	GlobalSection(SolutionConfigurationPlatforms) = preSolution
		Debug|Any CPU = Debug|Any CPU
		Release|Any CPU = Release|Any CPU
	EndGlobalSection
	GlobalSection(ProjectConfigurationPlatforms) = postSolution
		{203675BC-F1C8-4E95-BC36-CBD4E5ADFFD9}.Debug|Any CPU.ActiveCfg = Debug|Any CPU
		{203675BC-F1C8-4E95-BC36-CBD4E5ADFFD9}.Debug|Any CPU.Build.0 = Debug|Any CPU
		{203675BC-F1C8-4E95-BC36-CBD4E5ADFFD9}.Release|Any CPU.ActiveCfg = Release|Any CPU
		{203675BC-F1C8-4E95-BC36-CBD4E5ADFFD9}.Release|Any CPU.Build.0 = Release|Any CPU
	EndGlobalSection
	GlobalSection(SolutionProperties) = preSolution
		HideSolutionNode = FALSE
	EndGlobalSection
	GlobalSection(ExtensibilityGlobals) = postSolution
		SolutionGuid = {E13A9B74-B748-40EE-B5BB-664261E43E92}
	EndGlobalSection
EndGlobal
